
Microsoft Visual Studio Solution File, Format Version 12.00
# Visual Studio Version 17
VisualStudioVersion = 17.0.31903.59
MinimumVisualStudioVersion = 10.0.40219.1
Project("{9A19103F-16F7-4668-BE54-9A1E7A4F7556}") = "PersonalProfile", "PersonalProfile\PersonalProfile.csproj", "{5439D240-ADD3-4C37-9EFE-19C8B8D4CF8F}"
EndProject
Project("{2150E333-8FDC-42A3-9474-1A3956D46DE8}") = "Domain", "Domain", "{9EA685D0-73C2-4883-98DB-2C36908BD981}"
EndProject
Project("{2150E333-8FDC-42A3-9474-1A3956D46DE8}") = "Infrastructure", "Infrastructure", "{7B67F563-BFB1-412E-A576-965ECEC837E9}"
EndProject
Project("{2150E333-8FDC-42A3-9474-1A3956D46DE8}") = "Presentation", "Presentation", "{454491C2-58FD-478E-8397-6B1C05B6A41A}"
EndProject
Project("{9A19103F-16F7-4668-BE54-9A1E7A4F7556}") = "Contracts", "Domain\Contracts\Contracts.csproj", "{21BE25AD-7141-49A8-A525-9491CC4F7707}"
EndProject
Project("{2150E333-8FDC-42A3-9474-1A3956D46DE8}") = "Service", "Service", "{9B0BA6D4-0090-4CB9-9D56-1DF764F52DB2}"
EndProject
Project("{9A19103F-16F7-4668-BE54-9A1E7A4F7556}") = "LoggerService", "Service\LoggerService\LoggerService.csproj", "{70DB672E-5122-4D77-9A51-C6CEBE766F88}"
EndProject
Project("{9A19103F-16F7-4668-BE54-9A1E7A4F7556}") = "Entities", "Domain\Entities\Entities.csproj", "{340DEEB9-B7F9-4E99-ABDE-0085568D3A16}"
EndProject
Project("{9A19103F-16F7-4668-BE54-9A1E7A4F7556}") = "Repository", "Infrastructure\Repository\Repository.csproj", "{E6331B88-83DE-4684-A5A6-2277259706D1}"
EndProject
Project("{9A19103F-16F7-4668-BE54-9A1E7A4F7556}") = "Service.Contracts", "Service\Service.Contracts\Service.Contracts.csproj", "{C2BB74C6-568B-4A24-8EBC-C85F394F40ED}"
EndProject
Project("{9A19103F-16F7-4668-BE54-9A1E7A4F7556}") = "Service", "Service\Service\Service.csproj", "{C1141832-4E4E-4DB0-A305-78C3C293A4DD}"
EndProject
Project("{9A19103F-16F7-4668-BE54-9A1E7A4F7556}") = "PersonalProfile.Presentation", "Presentation\Presentation\PersonalProfile.Presentation\PersonalProfile.Presentation.csproj", "{F7B6AF5C-E91D-4D32-AF96-9814447512DE}"
EndProject
Project("{FAE04EC0-301F-11D3-BF4B-00C04F79EFBC}") = "Shared", "Service\Shared\Shared.csproj", "{865127DD-F8C5-4D65-83F7-C5017538B16C}"
EndProject
Global
	GlobalSection(SolutionConfigurationPlatforms) = preSolution
		Debug|Any CPU = Debug|Any CPU
		Release|Any CPU = Release|Any CPU
	EndGlobalSection
	GlobalSection(ProjectConfigurationPlatforms) = postSolution
		{5439D240-ADD3-4C37-9EFE-19C8B8D4CF8F}.Debug|Any CPU.ActiveCfg = Debug|Any CPU
		{5439D240-ADD3-4C37-9EFE-19C8B8D4CF8F}.Debug|Any CPU.Build.0 = Debug|Any CPU
		{5439D240-ADD3-4C37-9EFE-19C8B8D4CF8F}.Release|Any CPU.ActiveCfg = Release|Any CPU
		{5439D240-ADD3-4C37-9EFE-19C8B8D4CF8F}.Release|Any CPU.Build.0 = Release|Any CPU
		{21BE25AD-7141-49A8-A525-9491CC4F7707}.Debug|Any CPU.ActiveCfg = Debug|Any CPU
		{21BE25AD-7141-49A8-A525-9491CC4F7707}.Debug|Any CPU.Build.0 = Debug|Any CPU
		{21BE25AD-7141-49A8-A525-9491CC4F7707}.Release|Any CPU.ActiveCfg = Release|Any CPU
		{21BE25AD-7141-49A8-A525-9491CC4F7707}.Release|Any CPU.Build.0 = Release|Any CPU
		{70DB672E-5122-4D77-9A51-C6CEBE766F88}.Debug|Any CPU.ActiveCfg = Debug|Any CPU
		{70DB672E-5122-4D77-9A51-C6CEBE766F88}.Debug|Any CPU.Build.0 = Debug|Any CPU
		{70DB672E-5122-4D77-9A51-C6CEBE766F88}.Release|Any CPU.ActiveCfg = Release|Any CPU
		{70DB672E-5122-4D77-9A51-C6CEBE766F88}.Release|Any CPU.Build.0 = Release|Any CPU
		{340DEEB9-B7F9-4E99-ABDE-0085568D3A16}.Debug|Any CPU.ActiveCfg = Debug|Any CPU
		{340DEEB9-B7F9-4E99-ABDE-0085568D3A16}.Debug|Any CPU.Build.0 = Debug|Any CPU
		{340DEEB9-B7F9-4E99-ABDE-0085568D3A16}.Release|Any CPU.ActiveCfg = Release|Any CPU
		{340DEEB9-B7F9-4E99-ABDE-0085568D3A16}.Release|Any CPU.Build.0 = Release|Any CPU
		{E6331B88-83DE-4684-A5A6-2277259706D1}.Debug|Any CPU.ActiveCfg = Debug|Any CPU
		{E6331B88-83DE-4684-A5A6-2277259706D1}.Debug|Any CPU.Build.0 = Debug|Any CPU
		{E6331B88-83DE-4684-A5A6-2277259706D1}.Release|Any CPU.ActiveCfg = Release|Any CPU
		{E6331B88-83DE-4684-A5A6-2277259706D1}.Release|Any CPU.Build.0 = Release|Any CPU
		{C2BB74C6-568B-4A24-8EBC-C85F394F40ED}.Debug|Any CPU.ActiveCfg = Debug|Any CPU
		{C2BB74C6-568B-4A24-8EBC-C85F394F40ED}.Debug|Any CPU.Build.0 = Debug|Any CPU
		{C2BB74C6-568B-4A24-8EBC-C85F394F40ED}.Release|Any CPU.ActiveCfg = Release|Any CPU
		{C2BB74C6-568B-4A24-8EBC-C85F394F40ED}.Release|Any CPU.Build.0 = Release|Any CPU
		{C1141832-4E4E-4DB0-A305-78C3C293A4DD}.Debug|Any CPU.ActiveCfg = Debug|Any CPU
		{C1141832-4E4E-4DB0-A305-78C3C293A4DD}.Debug|Any CPU.Build.0 = Debug|Any CPU
		{C1141832-4E4E-4DB0-A305-78C3C293A4DD}.Release|Any CPU.ActiveCfg = Release|Any CPU
		{C1141832-4E4E-4DB0-A305-78C3C293A4DD}.Release|Any CPU.Build.0 = Release|Any CPU
		{F7B6AF5C-E91D-4D32-AF96-9814447512DE}.Debug|Any CPU.ActiveCfg = Debug|Any CPU
		{F7B6AF5C-E91D-4D32-AF96-9814447512DE}.Debug|Any CPU.Build.0 = Debug|Any CPU
		{F7B6AF5C-E91D-4D32-AF96-9814447512DE}.Release|Any CPU.ActiveCfg = Release|Any CPU
		{F7B6AF5C-E91D-4D32-AF96-9814447512DE}.Release|Any CPU.Build.0 = Release|Any CPU
		{865127DD-F8C5-4D65-83F7-C5017538B16C}.Debug|Any CPU.ActiveCfg = Debug|Any CPU
		{865127DD-F8C5-4D65-83F7-C5017538B16C}.Debug|Any CPU.Build.0 = Debug|Any CPU
		{865127DD-F8C5-4D65-83F7-C5017538B16C}.Release|Any CPU.ActiveCfg = Release|Any CPU
		{865127DD-F8C5-4D65-83F7-C5017538B16C}.Release|Any CPU.Build.0 = Release|Any CPU
	EndGlobalSection
	GlobalSection(SolutionProperties) = preSolution
		HideSolutionNode = FALSE
	EndGlobalSection
	GlobalSection(NestedProjects) = preSolution
		{21BE25AD-7141-49A8-A525-9491CC4F7707} = {9EA685D0-73C2-4883-98DB-2C36908BD981}
		{70DB672E-5122-4D77-9A51-C6CEBE766F88} = {9B0BA6D4-0090-4CB9-9D56-1DF764F52DB2}
		{340DEEB9-B7F9-4E99-ABDE-0085568D3A16} = {9EA685D0-73C2-4883-98DB-2C36908BD981}
		{E6331B88-83DE-4684-A5A6-2277259706D1} = {7B67F563-BFB1-412E-A576-965ECEC837E9}
		{C2BB74C6-568B-4A24-8EBC-C85F394F40ED} = {9B0BA6D4-0090-4CB9-9D56-1DF764F52DB2}
		{C1141832-4E4E-4DB0-A305-78C3C293A4DD} = {9B0BA6D4-0090-4CB9-9D56-1DF764F52DB2}
		{F7B6AF5C-E91D-4D32-AF96-9814447512DE} = {454491C2-58FD-478E-8397-6B1C05B6A41A}
		{865127DD-F8C5-4D65-83F7-C5017538B16C} = {9B0BA6D4-0090-4CB9-9D56-1DF764F52DB2}
	EndGlobalSection
	GlobalSection(ExtensibilityGlobals) = postSolution
		SolutionGuid = {73D126EE-60C6-4EA1-884D-B4D6BA4AEFEF}
	EndGlobalSection
EndGlobal
